<?xml version="1.0" encoding="utf-8"?>
<Project ToolsVersion="4.0" xmlns="http://schemas.microsoft.com/developer/msbuild/2003">
  <ItemGroup>
    <ClCompile Include="main.cpp" />
    <ClCompile Include="MainWindow.cpp">
      <Filter>Source Files</Filter>
    </ClCompile>
    <ClCompile Include="GeneratedFiles\Debug\moc_MainWindow.cpp">
      <Filter>Generated Files\Debug</Filter>
    </ClCompile>
    <ClCompile Include="GeneratedFiles\Release\moc_MainWindow.cpp">
      <Filter>Generated Files\Release</Filter>
    </ClCompile>
    <ClCompile Include="GeneratedFiles\qrc_MainWindow.cpp">
      <Filter>Generated Files</Filter>
    </ClCompile>
    <ClCompile Include="GeneratedFiles\Debug\moc_TitleBar.cpp">
      <Filter>Generated Files\Debug</Filter>
    </ClCompile>
    <ClCompile Include="GeneratedFiles\Release\moc_TitleBar.cpp">
      <Filter>Generated Files\Release</Filter>
    </ClCompile>
    <ClCompile Include="TitleBar.cpp">
      <Filter>Resource Files</Filter>
    </ClCompile>
    <ClCompile Include="GeneratedFiles\Debug\moc_SideBar.cpp">
      <Filter>Generated Files\Debug</Filter>
    </ClCompile>
    <ClCompile Include="GeneratedFiles\Release\moc_SideBar.cpp">
      <Filter>Generated Files\Release</Filter>
    </ClCompile>
    <ClCompile Include="SideBar.cpp">
      <Filter>Resource Files</Filter>
    </ClCompile>
    <ClCompile Include="GeneratedFiles\Debug\moc_FrameLessWnd.cpp">
      <Filter>Generated Files\Debug</Filter>
    </ClCompile>
    <ClCompile Include="GeneratedFiles\Release\moc_FrameLessWnd.cpp">
      <Filter>Generated Files\Release</Filter>
    </ClCompile>
    <ClCompile Include="FrameLessWnd.cpp">
      <Filter>Resource Files</Filter>
    </ClCompile>
    <ClCompile Include="GeneratedFiles\Debug\moc_SelfSelect.cpp">
      <Filter>Generated Files\Debug</Filter>
    </ClCompile>
    <ClCompile Include="GeneratedFiles\Release\moc_SelfSelect.cpp">
      <Filter>Generated Files\Release</Filter>
    </ClCompile>
    <ClCompile Include="SelfSelect.cpp">
      <Filter>Resource Files</Filter>
    </ClCompile>
    <ClCompile Include="ConfigIni.cpp">
      <Filter>Resource Files</Filter>
    </ClCompile>
    <ClCompile Include="TcpSingleton.cpp">
      <Filter>Resource Files</Filter>
    </ClCompile>
    <ClCompile Include="RecvDataProcess.cpp">
      <Filter>Resource Files</Filter>
    </ClCompile>
    <ClCompile Include="GeneratedFiles\Debug\moc_RecvDataProcess.cpp">
      <Filter>Generated Files\Debug</Filter>
    </ClCompile>
    <ClCompile Include="GeneratedFiles\Release\moc_RecvDataProcess.cpp">
      <Filter>Generated Files\Release</Filter>
    </ClCompile>
    <ClCompile Include="GeneratedFiles\Debug\moc_AutoGrid.cpp">
      <Filter>Generated Files\Debug</Filter>
    </ClCompile>
    <ClCompile Include="GeneratedFiles\Release\moc_AutoGrid.cpp">
      <Filter>Generated Files\Release</Filter>
    </ClCompile>
    <ClCompile Include="AutoGrid.cpp">
      <Filter>Resource Files</Filter>
    </ClCompile>
    <ClCompile Include="StockGrid.cpp">
      <Filter>Resource Files</Filter>
    </ClCompile>
    <ClCompile Include="KLineGrid.cpp">
      <Filter>Resource Files</Filter>
    </ClCompile>
    <ClCompile Include="GeneratedFiles\Debug\moc_KLineDetail.cpp">
      <Filter>Generated Files\Debug</Filter>
    </ClCompile>
    <ClCompile Include="GeneratedFiles\Release\moc_KLineDetail.cpp">
      <Filter>Generated Files\Release</Filter>
    </ClCompile>
    <ClCompile Include="KLineDetail.cpp">
      <Filter>Resource Files</Filter>
    </ClCompile>
    <ClCompile Include="DataFile.cpp">
      <Filter>Resource Files</Filter>
    </ClCompile>
    <ClCompile Include="SubScribe.cpp">
      <Filter>Resource Files</Filter>
    </ClCompile>
    <ClCompile Include="KDayGrid.cpp">
      <Filter>Resource Files</Filter>
    </ClCompile>
    <ClCompile Include="KMacdGrid.cpp">
      <Filter>Resource Files</Filter>
    </ClCompile>
    <ClCompile Include="KVolumeGrid.cpp">
      <Filter>Resource Files</Filter>
    </ClCompile>
    <ClCompile Include="GeneratedFiles\Debug\moc_StockInfo.cpp">
      <Filter>Generated Files\Debug</Filter>
    </ClCompile>
    <ClCompile Include="GeneratedFiles\Release\moc_StockInfo.cpp">
      <Filter>Generated Files\Release</Filter>
    </ClCompile>
    <ClCompile Include="StockInfo.cpp">
      <Filter>Resource Files</Filter>
    </ClCompile>
    <ClCompile Include="GeneratedFiles\Debug\moc_RealTimeTrade.cpp">
      <Filter>Generated Files\Debug</Filter>
    </ClCompile>
    <ClCompile Include="GeneratedFiles\Release\moc_RealTimeTrade.cpp">
      <Filter>Generated Files\Release</Filter>
    </ClCompile>
    <ClCompile Include="LimitOrder.cpp">
      <Filter>Resource Files</Filter>
    </ClCompile>
    <ClCompile Include="RealTimeTrade.cpp">
      <Filter>Resource Files</Filter>
    </ClCompile>
    <ClCompile Include="StockDetail.cpp">
      <Filter>Resource Files</Filter>
    </ClCompile>
    <ClCompile Include="KRealTimeGrid.cpp">
      <Filter>Source Files</Filter>
    </ClCompile>
    <ClCompile Include="GeneratedFiles\Debug\moc_QueryCode.cpp">
      <Filter>Generated Files\Debug</Filter>
    </ClCompile>
    <ClCompile Include="GeneratedFiles\Release\moc_QueryCode.cpp">
      <Filter>Generated Files\Release</Filter>
    </ClCompile>
    <ClCompile Include="QueryCode.cpp">
      <Filter>Resource Files</Filter>
    </ClCompile>
  </ItemGroup>
  <ItemGroup>
    <Filter Include="Resource Files">
      <UniqueIdentifier>{D9D6E242-F8AF-46E4-B9FD-80ECBC20BA3E}</UniqueIdentifier>
      <Extensions>qrc;*</Extensions>
      <ParseFiles>false</ParseFiles>
    </Filter>
    <Filter Include="Source Files">
      <UniqueIdentifier>{4FC737F1-C7A5-4376-A066-2A32D752A2FF}</UniqueIdentifier>
      <Extensions>cpp;c;cc;cxx;def;odl;idl;hpj;bat;asm;asmx</Extensions>
      <ParseFiles>true</ParseFiles>
    </Filter>
    <Filter Include="Header Files">
      <UniqueIdentifier>{93995380-89BD-4b04-88EB-625FBE52EBFB}</UniqueIdentifier>
      <Extensions>h;hh;hpp;hxx;hm;inl;inc;xsd</Extensions>
      <ParseFiles>true</ParseFiles>
    </Filter>
    <Filter Include="Generated Files">
      <UniqueIdentifier>{71ED8ED8-ACB9-4CE9-BBE1-E00B30144E11}</UniqueIdentifier>
      <Extensions>moc;h;cpp</Extensions>
      <ParseFiles>true</ParseFiles>
    </Filter>
    <Filter Include="Generated Files\Debug">
      <UniqueIdentifier>{e9f13e61-776a-4264-87dd-5fda2d9b4bfd}</UniqueIdentifier>
      <Extensions>cpp;moc</Extensions>
      <SourceControlFiles>False</SourceControlFiles>
    </Filter>
    <Filter Include="Generated Files\Release">
      <UniqueIdentifier>{6f5cbbee-815d-4dea-94ef-110258470525}</UniqueIdentifier>
      <Extensions>cpp;moc</Extensions>
      <SourceControlFiles>False</SourceControlFiles>
    </Filter>
    <Filter Include="Form Files">
      <UniqueIdentifier>{99349809-55BA-4b9d-BF79-8FDBB0286EB3}</UniqueIdentifier>
      <Extensions>ui</Extensions>
      <ParseFiles>true</ParseFiles>
    </Filter>
  </ItemGroup>
  <ItemGroup>
    <CustomBuild Include="MainWindow.h">
      <Filter>Header Files</Filter>
    </CustomBuild>
    <CustomBuild Include="MainWindow.qrc">
      <Filter>Resource Files</Filter>
    </CustomBuild>
    <CustomBuild Include="TitleBar.h">
      <Filter>Header Files</Filter>
    </CustomBuild>
    <CustomBuild Include="SideBar.h">
      <Filter>Header Files</Filter>
    </CustomBuild>
    <CustomBuild Include="FrameLessWnd.h">
      <Filter>Header Files</Filter>
    </CustomBuild>
    <CustomBuild Include="SelfSelect.h">
      <Filter>Header Files</Filter>
    </CustomBuild>
    <CustomBuild Include="RecvDataProcess.h">
      <Filter>Header Files</Filter>
    </CustomBuild>
    <CustomBuild Include="AutoGrid.h">
      <Filter>Header Files</Filter>
    </CustomBuild>
    <CustomBuild Include="KLineDetail.h">
      <Filter>Header Files</Filter>
    </CustomBuild>
    <CustomBuild Include="StockInfo.h">
      <Filter>Header Files</Filter>
    </CustomBuild>
    <CustomBuild Include="RealTimeTrade.h">
      <Filter>Header Files</Filter>
    </CustomBuild>
    <CustomBuild Include="QueryCode.h">
      <Filter>Header Files</Filter>
    </CustomBuild>
  </ItemGroup>
  <ItemGroup>
    <ClInclude Include="ConfigIni.h">
      <Filter>Header Files</Filter>
    </ClInclude>
    <ClInclude Include="TcpSingleton.h">
      <Filter>Header Files</Filter>
    </ClInclude>
    <ClInclude Include="StockGrid.h">
      <Filter>Header Files</Filter>
    </ClInclude>
    <ClInclude Include="KLineGrid.h">
      <Filter>Header Files</Filter>
    </ClInclude>
    <ClInclude Include="DataFile.h">
      <Filter>Header Files</Filter>
    </ClInclude>
    <ClInclude Include="SubScribe.h">
      <Filter>Header Files</Filter>
    </ClInclude>
    <ClInclude Include="KDayGrid.h">
      <Filter>Header Files</Filter>
    </ClInclude>
    <ClInclude Include="KMacdGrid.h">
      <Filter>Header Files</Filter>
    </ClInclude>
    <ClInclude Include="KVolumeGrid.h">
      <Filter>Header Files</Filter>
    </ClInclude>
    <ClInclude Include="LimitOrder.h">
      <Filter>Header Files</Filter>
    </ClInclude>
    <ClInclude Include="StockDetail.h">
      <Filter>Header Files</Filter>
    </ClInclude>
    <ClInclude Include="KRealTimeGrid.h">
      <Filter>Header Files</Filter>
    </ClInclude>
    <ClInclude Include="ui_querycode.h">
      <Filter>Header Files</Filter>
    </ClInclude>
  </ItemGroup>
</Project>